// !$*UTF8*$!
{
	archiveVersion = 1;
	classes = {
	};
	objectVersion = 50;
	objects = {

/* Begin PBXBuildFile section */
		2787C2B525D711C60007DD05 /* PlaceHolder.swift in Sources */ = {isa = PBXBuildFile; fileRef = 2787C2B425D711C60007DD05 /* PlaceHolder.swift */; };
		2787C2B925D73A670007DD05 /* LoginView.swift in Sources */ = {isa = PBXBuildFile; fileRef = 2787C2B825D73A670007DD05 /* LoginView.swift */; };
		2787C2BD25D73A790007DD05 /* RegistrationView.swift in Sources */ = {isa = PBXBuildFile; fileRef = 2787C2BC25D73A790007DD05 /* RegistrationView.swift */; };
		2787C2CF25D9DE070007DD05 /* Keyboard.swift in Sources */ = {isa = PBXBuildFile; fileRef = 2787C2CE25D9DE070007DD05 /* Keyboard.swift */; };
		2787C2F725DC77FA0007DD05 /* ImagePicker .swift in Sources */ = {isa = PBXBuildFile; fileRef = 2787C2F625DC77FA0007DD05 /* ImagePicker .swift */; };
		2787C2FA25DD9ED50007DD05 /* CustomShapeForTabBar.swift in Sources */ = {isa = PBXBuildFile; fileRef = 2787C2F925DD9ED40007DD05 /* CustomShapeForTabBar.swift */; };
		279E024725BB354D00E88B52 /* Message.swift in Sources */ = {isa = PBXBuildFile; fileRef = 279E024625BB354D00E88B52 /* Message.swift */; };
		279E024A25BEFBCF00E88B52 /* ActualChatView.swift in Sources */ = {isa = PBXBuildFile; fileRef = 279E024925BEFBCF00E88B52 /* ActualChatView.swift */; };
		27AB297425D1D4FA003803A1 /* NewMessageViewForMessageTab.swift in Sources */ = {isa = PBXBuildFile; fileRef = 27AB297325D1D4FA003803A1 /* NewMessageViewForMessageTab.swift */; };
		27AB299425D3258D003803A1 /* UserProfileView.swift in Sources */ = {isa = PBXBuildFile; fileRef = 27AB299325D3258D003803A1 /* UserProfileView.swift */; };
		27AB299825D32691003803A1 /* ProfileHeaderView.swift in Sources */ = {isa = PBXBuildFile; fileRef = 27AB299725D32691003803A1 /* ProfileHeaderView.swift */; };
		27AB299B25D326A6003803A1 /* ProfileActionButton.swift in Sources */ = {isa = PBXBuildFile; fileRef = 27AB299A25D326A6003803A1 /* ProfileActionButton.swift */; };
		27AB299E25D326BE003803A1 /* FilterButtonView.swift in Sources */ = {isa = PBXBuildFile; fileRef = 27AB299D25D326BE003803A1 /* FilterButtonView.swift */; };
		27B401332590BC560093D4C4 /* FeedView.swift in Sources */ = {isa = PBXBuildFile; fileRef = 27B401322590BC560093D4C4 /* FeedView.swift */; };
		27B4013B2590F2060093D4C4 /* TweetCell.swift in Sources */ = {isa = PBXBuildFile; fileRef = 27B4013A2590F2060093D4C4 /* TweetCell.swift */; };
		27B4013E2592373B0093D4C4 /* SearchView.swift in Sources */ = {isa = PBXBuildFile; fileRef = 27B4013D2592373B0093D4C4 /* SearchView.swift */; };
		27B401412592376A0093D4C4 /* SearchBar.swift in Sources */ = {isa = PBXBuildFile; fileRef = 27B401402592376A0093D4C4 /* SearchBar.swift */; };
		27B40144259246A40093D4C4 /* UserCell.swift in Sources */ = {isa = PBXBuildFile; fileRef = 27B40143259246A40093D4C4 /* UserCell.swift */; };
		27B40148259CAD920093D4C4 /* ConversationView.swift in Sources */ = {isa = PBXBuildFile; fileRef = 27B40147259CAD920093D4C4 /* ConversationView.swift */; };
		27B4014C259CADA10093D4C4 /* ConversationCell.swift in Sources */ = {isa = PBXBuildFile; fileRef = 27B4014B259CADA10093D4C4 /* ConversationCell.swift */; };
		27B40150259D89210093D4C4 /* ChatTextFieldView.swift in Sources */ = {isa = PBXBuildFile; fileRef = 27B4014F259D89210093D4C4 /* ChatTextFieldView.swift */; };
		27B40154259D89330093D4C4 /* ChatView.swift in Sources */ = {isa = PBXBuildFile; fileRef = 27B40153259D89330093D4C4 /* ChatView.swift */; };
		27B4015725A9FAA90093D4C4 /* ChatBubble.swift in Sources */ = {isa = PBXBuildFile; fileRef = 27B4015625A9FAA90093D4C4 /* ChatBubble.swift */; };
		27E052C525D5DFF600E71C58 /* NewTweetsView.swift in Sources */ = {isa = PBXBuildFile; fileRef = 27E052C425D5DFF600E71C58 /* NewTweetsView.swift */; };
		27F4CB1E258707B800535973 /* TwiiterApp.swift in Sources */ = {isa = PBXBuildFile; fileRef = 27F4CB1D258707B800535973 /* TwiiterApp.swift */; };
		27F4CB20258707B800535973 /* ContentView.swift in Sources */ = {isa = PBXBuildFile; fileRef = 27F4CB1F258707B800535973 /* ContentView.swift */; };
		27F4CB22258707C600535973 /* Assets.xcassets in Resources */ = {isa = PBXBuildFile; fileRef = 27F4CB21258707C600535973 /* Assets.xcassets */; };
		27F4CB25258707C600535973 /* Preview Assets.xcassets in Resources */ = {isa = PBXBuildFile; fileRef = 27F4CB24258707C600535973 /* Preview Assets.xcassets */; };
/* End PBXBuildFile section */

/* Begin PBXFileReference section */
		2787C2B425D711C60007DD05 /* PlaceHolder.swift */ = {isa = PBXFileReference; lastKnownFileType = sourcecode.swift; path = PlaceHolder.swift; sourceTree = "<group>"; };
		2787C2B825D73A670007DD05 /* LoginView.swift */ = {isa = PBXFileReference; lastKnownFileType = sourcecode.swift; path = LoginView.swift; sourceTree = "<group>"; };
		2787C2BC25D73A790007DD05 /* RegistrationView.swift */ = {isa = PBXFileReference; lastKnownFileType = sourcecode.swift; path = RegistrationView.swift; sourceTree = "<group>"; };
		2787C2CE25D9DE070007DD05 /* Keyboard.swift */ = {isa = PBXFileReference; lastKnownFileType = sourcecode.swift; path = Keyboard.swift; sourceTree = "<group>"; };
		2787C2F625DC77FA0007DD05 /* ImagePicker .swift */ = {isa = PBXFileReference; lastKnownFileType = sourcecode.swift; path = "ImagePicker .swift"; sourceTree = "<group>"; };
		2787C2F925DD9ED40007DD05 /* CustomShapeForTabBar.swift */ = {isa = PBXFileReference; lastKnownFileType = sourcecode.swift; path = CustomShapeForTabBar.swift; sourceTree = "<group>"; };
		279E024625BB354D00E88B52 /* Message.swift */ = {isa = PBXFileReference; lastKnownFileType = sourcecode.swift; path = Message.swift; sourceTree = "<group>"; };
		279E024925BEFBCF00E88B52 /* ActualChatView.swift */ = {isa = PBXFileReference; lastKnownFileType = sourcecode.swift; path = ActualChatView.swift; sourceTree = "<group>"; };
		27AB297325D1D4FA003803A1 /* NewMessageViewForMessageTab.swift */ = {isa = PBXFileReference; lastKnownFileType = sourcecode.swift; path = NewMessageViewForMessageTab.swift; sourceTree = "<group>"; };
		27AB299325D3258D003803A1 /* UserProfileView.swift */ = {isa = PBXFileReference; lastKnownFileType = sourcecode.swift; path = UserProfileView.swift; sourceTree = "<group>"; };
		27AB299725D32691003803A1 /* ProfileHeaderView.swift */ = {isa = PBXFileReference; lastKnownFileType = sourcecode.swift; path = ProfileHeaderView.swift; sourceTree = "<group>"; };
		27AB299A25D326A6003803A1 /* ProfileActionButton.swift */ = {isa = PBXFileReference; lastKnownFileType = sourcecode.swift; path = ProfileActionButton.swift; sourceTree = "<group>"; };
		27AB299D25D326BE003803A1 /* FilterButtonView.swift */ = {isa = PBXFileReference; lastKnownFileType = sourcecode.swift; path = FilterButtonView.swift; sourceTree = "<group>"; };
		27B401322590BC560093D4C4 /* FeedView.swift */ = {isa = PBXFileReference; lastKnownFileType = sourcecode.swift; path = FeedView.swift; sourceTree = "<group>"; };
		27B4013A2590F2060093D4C4 /* TweetCell.swift */ = {isa = PBXFileReference; lastKnownFileType = sourcecode.swift; path = TweetCell.swift; sourceTree = "<group>"; };
		27B4013D2592373B0093D4C4 /* SearchView.swift */ = {isa = PBXFileReference; lastKnownFileType = sourcecode.swift; path = SearchView.swift; sourceTree = "<group>"; };
		27B401402592376A0093D4C4 /* SearchBar.swift */ = {isa = PBXFileReference; lastKnownFileType = sourcecode.swift; path = SearchBar.swift; sourceTree = "<group>"; };
		27B40143259246A40093D4C4 /* UserCell.swift */ = {isa = PBXFileReference; lastKnownFileType = sourcecode.swift; path = UserCell.swift; sourceTree = "<group>"; };
		27B40147259CAD920093D4C4 /* ConversationView.swift */ = {isa = PBXFileReference; lastKnownFileType = sourcecode.swift; path = ConversationView.swift; sourceTree = "<group>"; };
		27B4014B259CADA10093D4C4 /* ConversationCell.swift */ = {isa = PBXFileReference; lastKnownFileType = sourcecode.swift; path = ConversationCell.swift; sourceTree = "<group>"; };
		27B4014F259D89210093D4C4 /* ChatTextFieldView.swift */ = {isa = PBXFileReference; lastKnownFileType = sourcecode.swift; path = ChatTextFieldView.swift; sourceTree = "<group>"; };
		27B40153259D89330093D4C4 /* ChatView.swift */ = {isa = PBXFileReference; lastKnownFileType = sourcecode.swift; path = ChatView.swift; sourceTree = "<group>"; };
		27B4015625A9FAA90093D4C4 /* ChatBubble.swift */ = {isa = PBXFileReference; lastKnownFileType = sourcecode.swift; path = ChatBubble.swift; sourceTree = "<group>"; };
		27E052C425D5DFF600E71C58 /* NewTweetsView.swift */ = {isa = PBXFileReference; lastKnownFileType = sourcecode.swift; path = NewTweetsView.swift; sourceTree = "<group>"; };
		27F4CB1A258707B800535973 /* Twiiter.app */ = {isa = PBXFileReference; explicitFileType = wrapper.application; includeInIndex = 0; path = Twiiter.app; sourceTree = BUILT_PRODUCTS_DIR; };
		27F4CB1D258707B800535973 /* TwiiterApp.swift */ = {isa = PBXFileReference; lastKnownFileType = sourcecode.swift; path = TwiiterApp.swift; sourceTree = "<group>"; };
		27F4CB1F258707B800535973 /* ContentView.swift */ = {isa = PBXFileReference; lastKnownFileType = sourcecode.swift; path = ContentView.swift; sourceTree = "<group>"; };
		27F4CB21258707C600535973 /* Assets.xcassets */ = {isa = PBXFileReference; lastKnownFileType = folder.assetcatalog; path = Assets.xcassets; sourceTree = "<group>"; };
		27F4CB24258707C600535973 /* Preview Assets.xcassets */ = {isa = PBXFileReference; lastKnownFileType = folder.assetcatalog; path = "Preview Assets.xcassets"; sourceTree = "<group>"; };
		27F4CB26258707C600535973 /* Info.plist */ = {isa = PBXFileReference; lastKnownFileType = text.plist.xml; path = Info.plist; sourceTree = "<group>"; };
/* End PBXFileReference section */

/* Begin PBXFrameworksBuildPhase section */
		27F4CB17258707B800535973 /* Frameworks */ = {
			isa = PBXFrameworksBuildPhase;
			buildActionMask = 2147483647;
			files = (
			);
			runOnlyForDeploymentPostprocessing = 0;
		};
/* End PBXFrameworksBuildPhase section */

/* Begin PBXGroup section */
		2787C2AD25D711120007DD05 /* Utils */ = {
			isa = PBXGroup;
			children = (
				2787C2B425D711C60007DD05 /* PlaceHolder.swift */,
				2787C2CE25D9DE070007DD05 /* Keyboard.swift */,
				2787C2F925DD9ED40007DD05 /* CustomShapeForTabBar.swift */,
			);
			path = Utils;
			sourceTree = "<group>";
		};
		2787C2B725D73A320007DD05 /* Authentication */ = {
			isa = PBXGroup;
			children = (
				2787C2B825D73A670007DD05 /* LoginView.swift */,
				2787C2BC25D73A790007DD05 /* RegistrationView.swift */,
				2787C2F625DC77FA0007DD05 /* ImagePicker .swift */,
			);
			path = Authentication;
			sourceTree = "<group>";
		};
		27AB299225D32577003803A1 /* Profile */ = {
			isa = PBXGroup;
			children = (
				27AB299325D3258D003803A1 /* UserProfileView.swift */,
				27AB299725D32691003803A1 /* ProfileHeaderView.swift */,
				27AB299A25D326A6003803A1 /* ProfileActionButton.swift */,
				27AB299D25D326BE003803A1 /* FilterButtonView.swift */,
			);
			path = Profile;
			sourceTree = "<group>";
		};
		27B4012E2590BBFD0093D4C4 /* Model */ = {
			isa = PBXGroup;
			children = (
				279E024625BB354D00E88B52 /* Message.swift */,
			);
			path = Model;
			sourceTree = "<group>";
		};
		27B401302590BC120093D4C4 /* View */ = {
			isa = PBXGroup;
			children = (
				2787C2B725D73A320007DD05 /* Authentication */,
				27E052C325D5DFDC00E71C58 /* Tweets */,
				27AB299225D32577003803A1 /* Profile */,
				27B40146259CAD730093D4C4 /* Messages */,
				27F4CB1F258707B800535973 /* ContentView.swift */,
				27B401322590BC560093D4C4 /* FeedView.swift */,
				27B4013A2590F2060093D4C4 /* TweetCell.swift */,
				27B4013D2592373B0093D4C4 /* SearchView.swift */,
				27B401402592376A0093D4C4 /* SearchBar.swift */,
				27B40143259246A40093D4C4 /* UserCell.swift */,
				27AB297325D1D4FA003803A1 /* NewMessageViewForMessageTab.swift */,
			);
			path = View;
			sourceTree = "<group>";
		};
		27B401312590BC190093D4C4 /* ViewModel */ = {
			isa = PBXGroup;
			children = (
			);
			path = ViewModel;
			sourceTree = "<group>";
		};
		27B40146259CAD730093D4C4 /* Messages */ = {
			isa = PBXGroup;
			children = (
				27B4014E259D88F40093D4C4 /* Chat */,
				27B40147259CAD920093D4C4 /* ConversationView.swift */,
				27B4014B259CADA10093D4C4 /* ConversationCell.swift */,
			);
			path = Messages;
			sourceTree = "<group>";
		};
		27B4014E259D88F40093D4C4 /* Chat */ = {
			isa = PBXGroup;
			children = (
				27B4014F259D89210093D4C4 /* ChatTextFieldView.swift */,
				27B40153259D89330093D4C4 /* ChatView.swift */,
				27B4015625A9FAA90093D4C4 /* ChatBubble.swift */,
				279E024925BEFBCF00E88B52 /* ActualChatView.swift */,
			);
			path = Chat;
			sourceTree = "<group>";
		};
		27E052C325D5DFDC00E71C58 /* Tweets */ = {
			isa = PBXGroup;
			children = (
				27E052C425D5DFF600E71C58 /* NewTweetsView.swift */,
			);
			path = Tweets;
			sourceTree = "<group>";
		};
		27F4CB11258707B700535973 = {
			isa = PBXGroup;
			children = (
				27F4CB1C258707B800535973 /* Twiiter */,
				27F4CB1B258707B800535973 /* Products */,
			);
			sourceTree = "<group>";
		};
		27F4CB1B258707B800535973 /* Products */ = {
			isa = PBXGroup;
			children = (
				27F4CB1A258707B800535973 /* Twiiter.app */,
			);
			name = Products;
			sourceTree = "<group>";
		};
		27F4CB1C258707B800535973 /* Twiiter */ = {
			isa = PBXGroup;
			children = (
				2787C2AD25D711120007DD05 /* Utils */,
				27B401312590BC190093D4C4 /* ViewModel */,
				27B401302590BC120093D4C4 /* View */,
				27B4012E2590BBFD0093D4C4 /* Model */,
				27F4CB1D258707B800535973 /* TwiiterApp.swift */,
				27F4CB21258707C600535973 /* Assets.xcassets */,
				27F4CB26258707C600535973 /* Info.plist */,
				27F4CB23258707C600535973 /* Preview Content */,
			);
			path = Twiiter;
			sourceTree = "<group>";
		};
		27F4CB23258707C600535973 /* Preview Content */ = {
			isa = PBXGroup;
			children = (
				27F4CB24258707C600535973 /* Preview Assets.xcassets */,
			);
			path = "Preview Content";
			sourceTree = "<group>";
		};
/* End PBXGroup section */

/* Begin PBXNativeTarget section */
		27F4CB19258707B800535973 /* Twiiter */ = {
			isa = PBXNativeTarget;
			buildConfigurationList = 27F4CB29258707C600535973 /* Build configuration list for PBXNativeTarget "Twiiter" */;
			buildPhases = (
				27F4CB16258707B800535973 /* Sources */,
				27F4CB17258707B800535973 /* Frameworks */,
				27F4CB18258707B800535973 /* Resources */,
			);
			buildRules = (
			);
			dependencies = (
			);
			name = Twiiter;
			productName = Twiiter;
			productReference = 27F4CB1A258707B800535973 /* Twiiter.app */;
			productType = "com.apple.product-type.application";
		};
/* End PBXNativeTarget section */

/* Begin PBXProject section */
		27F4CB12258707B700535973 /* Project object */ = {
			isa = PBXProject;
			attributes = {
				LastSwiftUpdateCheck = 1220;
				LastUpgradeCheck = 1220;
				TargetAttributes = {
					27F4CB19258707B800535973 = {
						CreatedOnToolsVersion = 12.2;
					};
				};
			};
			buildConfigurationList = 27F4CB15258707B700535973 /* Build configuration list for PBXProject "Twiiter" */;
			compatibilityVersion = "Xcode 9.3";
			developmentRegion = en;
			hasScannedForEncodings = 0;
			knownRegions = (
				en,
				Base,
			);
			mainGroup = 27F4CB11258707B700535973;
			productRefGroup = 27F4CB1B258707B800535973 /* Products */;
			projectDirPath = "";
			projectRoot = "";
			targets = (
				27F4CB19258707B800535973 /* Twiiter */,
			);
		};
/* End PBXProject section */

/* Begin PBXResourcesBuildPhase section */
		27F4CB18258707B800535973 /* Resources */ = {
			isa = PBXResourcesBuildPhase;
			buildActionMask = 2147483647;
			files = (
				27F4CB25258707C600535973 /* Preview Assets.xcassets in Resources */,
				27F4CB22258707C600535973 /* Assets.xcassets in Resources */,
			);
			runOnlyForDeploymentPostprocessing = 0;
		};
/* End PBXResourcesBuildPhase section */

/* Begin PBXSourcesBuildPhase section */
		27F4CB16258707B800535973 /* Sources */ = {
			isa = PBXSourcesBuildPhase;
			buildActionMask = 2147483647;
			files = (
				27B4013E2592373B0093D4C4 /* SearchView.swift in Sources */,
				27F4CB20258707B800535973 /* ContentView.swift in Sources */,
				2787C2BD25D73A790007DD05 /* RegistrationView.swift in Sources */,
				27B401332590BC560093D4C4 /* FeedView.swift in Sources */,
				27E052C525D5DFF600E71C58 /* NewTweetsView.swift in Sources */,
				27AB299B25D326A6003803A1 /* ProfileActionButton.swift in Sources */,
				27F4CB1E258707B800535973 /* TwiiterApp.swift in Sources */,
				27AB299825D32691003803A1 /* ProfileHeaderView.swift in Sources */,
				2787C2FA25DD9ED50007DD05 /* CustomShapeForTabBar.swift in Sources */,
				27B40154259D89330093D4C4 /* ChatView.swift in Sources */,
				2787C2F725DC77FA0007DD05 /* ImagePicker .swift in Sources */,
				2787C2B925D73A670007DD05 /* LoginView.swift in Sources */,
				2787C2CF25D9DE070007DD05 /* Keyboard.swift in Sources */,
				2787C2B525D711C60007DD05 /* PlaceHolder.swift in Sources */,
				27AB299E25D326BE003803A1 /* FilterButtonView.swift in Sources */,
				27B4013B2590F2060093D4C4 /* TweetCell.swift in Sources */,
				27AB297425D1D4FA003803A1 /* NewMessageViewForMessageTab.swift in Sources */,
				279E024A25BEFBCF00E88B52 /* ActualChatView.swift in Sources */,
				27B401412592376A0093D4C4 /* SearchBar.swift in Sources */,
				27B4015725A9FAA90093D4C4 /* ChatBubble.swift in Sources */,
				27B40144259246A40093D4C4 /* UserCell.swift in Sources */,
				27AB299425D3258D003803A1 /* UserProfileView.swift in Sources */,
				279E024725BB354D00E88B52 /* Message.swift in Sources */,
				27B40148259CAD920093D4C4 /* ConversationView.swift in Sources */,
				27B40150259D89210093D4C4 /* ChatTextFieldView.swift in Sources */,
				27B4014C259CADA10093D4C4 /* ConversationCell.swift in Sources */,
			);
			runOnlyForDeploymentPostprocessing = 0;
		};
/* End PBXSourcesBuildPhase section */

/* Begin XCBuildConfiguration section */
		27F4CB27258707C600535973 /* Debug */ = {
			isa = XCBuildConfiguration;
			buildSettings = {
				ALWAYS_SEARCH_USER_PATHS = NO;
				CLANG_ANALYZER_NONNULL = YES;
				CLANG_ANALYZER_NUMBER_OBJECT_CONVERSION = YES_AGGRESSIVE;
				CLANG_CXX_LANGUAGE_STANDARD = "gnu++14";
				CLANG_CXX_LIBRARY = "libc++";
				CLANG_ENABLE_MODULES = YES;
				CLANG_ENABLE_OBJC_ARC = YES;
				CLANG_ENABLE_OBJC_WEAK = YES;
				CLANG_WARN_BLOCK_CAPTURE_AUTORELEASING = YES;
				CLANG_WARN_BOOL_CONVERSION = YES;
				CLANG_WARN_COMMA = YES;
				CLANG_WARN_CONSTANT_CONVERSION = YES;
				CLANG_WARN_DEPRECATED_OBJC_IMPLEMENTATIONS = YES;
				CLANG_WARN_DIRECT_OBJC_ISA_USAGE = YES_ERROR;
				CLANG_WARN_DOCUMENTATION_COMMENTS = YES;
				CLANG_WARN_EMPTY_BODY = YES;
				CLANG_WARN_ENUM_CONVERSION = YES;
				CLANG_WARN_INFINITE_RECURSION = YES;
				CLANG_WARN_INT_CONVERSION = YES;
				CLANG_WARN_NON_LITERAL_NULL_CONVERSION = YES;
				CLANG_WARN_OBJC_IMPLICIT_RETAIN_SELF = YES;
				CLANG_WARN_OBJC_LITERAL_CONVERSION = YES;
				CLANG_WARN_OBJC_ROOT_CLASS = YES_ERROR;
				CLANG_WARN_QUOTED_INCLUDE_IN_FRAMEWORK_HEADER = YES;
				CLANG_WARN_RANGE_LOOP_ANALYSIS = YES;
				CLANG_WARN_STRICT_PROTOTYPES = YES;
				CLANG_WARN_SUSPICIOUS_MOVE = YES;
				CLANG_WARN_UNGUARDED_AVAILABILITY = YES_AGGRESSIVE;
				CLANG_WARN_UNREACHABLE_CODE = YES;
				CLANG_WARN__DUPLICATE_METHOD_MATCH = YES;
				COPY_PHASE_STRIP = NO;
				DEBUG_INFORMATION_FORMAT = dwarf;
				ENABLE_STRICT_OBJC_MSGSEND = YES;
				ENABLE_TESTABILITY = YES;
				GCC_C_LANGUAGE_STANDARD = gnu11;
				GCC_DYNAMIC_NO_PIC = NO;
				GCC_NO_COMMON_BLOCKS = YES;
				GCC_OPTIMIZATION_LEVEL = 0;
				GCC_PREPROCESSOR_DEFINITIONS = (
					"DEBUG=1",
					"$(inherited)",
				);
				GCC_WARN_64_TO_32_BIT_CONVERSION = YES;
				GCC_WARN_ABOUT_RETURN_TYPE = YES_ERROR;
				GCC_WARN_UNDECLARED_SELECTOR = YES;
				GCC_WARN_UNINITIALIZED_AUTOS = YES_AGGRESSIVE;
				GCC_WARN_UNUSED_FUNCTION = YES;
				GCC_WARN_UNUSED_VARIABLE = YES;
				IPHONEOS_DEPLOYMENT_TARGET = 14.2;
				MTL_ENABLE_DEBUG_INFO = INCLUDE_SOURCE;
				MTL_FAST_MATH = YES;
				ONLY_ACTIVE_ARCH = YES;
				SDKROOT = iphoneos;
				SWIFT_ACTIVE_COMPILATION_CONDITIONS = DEBUG;
				SWIFT_OPTIMIZATION_LEVEL = "-Onone";
			};
			name = Debug;
		};
		27F4CB28258707C600535973 /* Release */ = {
			isa = XCBuildConfiguration;
			buildSettings = {
				ALWAYS_SEARCH_USER_PATHS = NO;
				CLANG_ANALYZER_NONNULL = YES;
				CLANG_ANALYZER_NUMBER_OBJECT_CONVERSION = YES_AGGRESSIVE;
				CLANG_CXX_LANGUAGE_STANDARD = "gnu++14";
				CLANG_CXX_LIBRARY = "libc++";
				CLANG_ENABLE_MODULES = YES;
				CLANG_ENABLE_OBJC_ARC = YES;
				CLANG_ENABLE_OBJC_WEAK = YES;
				CLANG_WARN_BLOCK_CAPTURE_AUTORELEASING = YES;
				CLANG_WARN_BOOL_CONVERSION = YES;
				CLANG_WARN_COMMA = YES;
				CLANG_WARN_CONSTANT_CONVERSION = YES;
				CLANG_WARN_DEPRECATED_OBJC_IMPLEMENTATIONS = YES;
				CLANG_WARN_DIRECT_OBJC_ISA_USAGE = YES_ERROR;
				CLANG_WARN_DOCUMENTATION_COMMENTS = YES;
				CLANG_WARN_EMPTY_BODY = YES;
				CLANG_WARN_ENUM_CONVERSION = YES;
				CLANG_WARN_INFINITE_RECURSION = YES;
				CLANG_WARN_INT_CONVERSION = YES;
				CLANG_WARN_NON_LITERAL_NULL_CONVERSION = YES;
				CLANG_WARN_OBJC_IMPLICIT_RETAIN_SELF = YES;
				CLANG_WARN_OBJC_LITERAL_CONVERSION = YES;
				CLANG_WARN_OBJC_ROOT_CLASS = YES_ERROR;
				CLANG_WARN_QUOTED_INCLUDE_IN_FRAMEWORK_HEADER = YES;
				CLANG_WARN_RANGE_LOOP_ANALYSIS = YES;
				CLANG_WARN_STRICT_PROTOTYPES = YES;
				CLANG_WARN_SUSPICIOUS_MOVE = YES;
				CLANG_WARN_UNGUARDED_AVAILABILITY = YES_AGGRESSIVE;
				CLANG_WARN_UNREACHABLE_CODE = YES;
				CLANG_WARN__DUPLICATE_METHOD_MATCH = YES;
				COPY_PHASE_STRIP = NO;
				DEBUG_INFORMATION_FORMAT = "dwarf-with-dsym";
				ENABLE_NS_ASSERTIONS = NO;
				ENABLE_STRICT_OBJC_MSGSEND = YES;
				GCC_C_LANGUAGE_STANDARD = gnu11;
				GCC_NO_COMMON_BLOCKS = YES;
				GCC_WARN_64_TO_32_BIT_CONVERSION = YES;
				GCC_WARN_ABOUT_RETURN_TYPE = YES_ERROR;
				GCC_WARN_UNDECLARED_SELECTOR = YES;
				GCC_WARN_UNINITIALIZED_AUTOS = YES_AGGRESSIVE;
				GCC_WARN_UNUSED_FUNCTION = YES;
				GCC_WARN_UNUSED_VARIABLE = YES;
				IPHONEOS_DEPLOYMENT_TARGET = 14.2;
				MTL_ENABLE_DEBUG_INFO = NO;
				MTL_FAST_MATH = YES;
				SDKROOT = iphoneos;
				SWIFT_COMPILATION_MODE = wholemodule;
				SWIFT_OPTIMIZATION_LEVEL = "-O";
				VALIDATE_PRODUCT = YES;
			};
			name = Release;
		};
		27F4CB2A258707C600535973 /* Debug */ = {
			isa = XCBuildConfiguration;
			buildSettings = {
				ASSETCATALOG_COMPILER_APPICON_NAME = AppIcon;
				ASSETCATALOG_COMPILER_GLOBAL_ACCENT_COLOR_NAME = AccentColor;
				CODE_SIGN_STYLE = Automatic;
				DEVELOPMENT_ASSET_PATHS = "\"Twiiter/Preview Content\"";
				DEVELOPMENT_TEAM = LKHQA4EBM9;
				ENABLE_PREVIEWS = YES;
				INFOPLIST_FILE = Twiiter/Info.plist;
				IPHONEOS_DEPLOYMENT_TARGET = 14.0;
				LD_RUNPATH_SEARCH_PATHS = (
					"$(inherited)",
					"@executable_path/Frameworks",
				);
				PRODUCT_BUNDLE_IDENTIFIER = np.com.udinrajkarnikar.Twiiter;
				PRODUCT_NAME = "$(TARGET_NAME)";
				SWIFT_VERSION = 5.0;
				TARGETED_DEVICE_FAMILY = "1,2";
			};
			name = Debug;
		};
		27F4CB2B258707C600535973 /* Release */ = {
			isa = XCBuildConfiguration;
			buildSettings = {
				ASSETCATALOG_COMPILER_APPICON_NAME = AppIcon;
				ASSETCATALOG_COMPILER_GLOBAL_ACCENT_COLOR_NAME = AccentColor;
				CODE_SIGN_STYLE = Automatic;
				DEVELOPMENT_ASSET_PATHS = "\"Twiiter/Preview Content\"";
				DEVELOPMENT_TEAM = LKHQA4EBM9;
				ENABLE_PREVIEWS = YES;
				INFOPLIST_FILE = Twiiter/Info.plist;
				IPHONEOS_DEPLOYMENT_TARGET = 14.0;
				LD_RUNPATH_SEARCH_PATHS = (
					"$(inherited)",
					"@executable_path/Frameworks",
				);
				PRODUCT_BUNDLE_IDENTIFIER = np.com.udinrajkarnikar.Twiiter;
				PRODUCT_NAME = "$(TARGET_NAME)";
				SWIFT_VERSION = 5.0;
				TARGETED_DEVICE_FAMILY = "1,2";
			};
			name = Release;
		};
/* End XCBuildConfiguration section */

/* Begin XCConfigurationList section */
		27F4CB15258707B700535973 /* Build configuration list for PBXProject "Twiiter" */ = {
			isa = XCConfigurationList;
			buildConfigurations = (
				27F4CB27258707C600535973 /* Debug */,
				27F4CB28258707C600535973 /* Release */,
			);
			defaultConfigurationIsVisible = 0;
			defaultConfigurationName = Release;
		};
		27F4CB29258707C600535973 /* Build configuration list for PBXNativeTarget "Twiiter" */ = {
			isa = XCConfigurationList;
			buildConfigurations = (
				27F4CB2A258707C600535973 /* Debug */,
				27F4CB2B258707C600535973 /* Release */,
			);
			defaultConfigurationIsVisible = 0;
			defaultConfigurationName = Release;
		};
/* End XCConfigurationList section */
	};
	rootObject = 27F4CB12258707B700535973 /* Project object */;
}
